// !$*UTF8*$!
{
	archiveVersion = 1;
	classes = {
	};
	objectVersion = 50;
	objects = {

/* Begin PBXBuildFile section */
		13F5374A24004A3D0087447C /* AnnouncementsTableViewController.swift in Sources */ = {isa = PBXBuildFile; fileRef = 13F5374924004A3D0087447C /* AnnouncementsTableViewController.swift */; };
		13F5374C24004A4F0087447C /* AnnouncementsTableViewCell.swift in Sources */ = {isa = PBXBuildFile; fileRef = 13F5374B24004A4F0087447C /* AnnouncementsTableViewCell.swift */; };
		13F537882406DAC20087447C /* SelectedAnnouncementViewController.swift in Sources */ = {isa = PBXBuildFile; fileRef = 13F537872406DAC20087447C /* SelectedAnnouncementViewController.swift */; };
		1FB87E2624006C9A007BC76F /* InfoViewController.swift in Sources */ = {isa = PBXBuildFile; fileRef = 1FB87E2524006C9A007BC76F /* InfoViewController.swift */; };
		3F49E09D2400605400903EC1 /* ScheduleCollectionViewController.swift in Sources */ = {isa = PBXBuildFile; fileRef = 3F49E09C2400605400903EC1 /* ScheduleCollectionViewController.swift */; };
		3F501535240AF64A00D8DAB1 /* activity.swift in Sources */ = {isa = PBXBuildFile; fileRef = 3F501534240AF64A00D8DAB1 /* activity.swift */; };
		3F501537240AF6B300D8DAB1 /* activities.swift in Sources */ = {isa = PBXBuildFile; fileRef = 3F501536240AF6B300D8DAB1 /* activities.swift */; };
		3F501539240AF73200D8DAB1 /* ActivityTableViewController.swift in Sources */ = {isa = PBXBuildFile; fileRef = 3F501538240AF73200D8DAB1 /* ActivityTableViewController.swift */; };
		3F50153B240AFA6100D8DAB1 /* ActivityTableViewCell.swift in Sources */ = {isa = PBXBuildFile; fileRef = 3F50153A240AFA6000D8DAB1 /* ActivityTableViewCell.swift */; };
		3F50153D240C5CDF00D8DAB1 /* studentActivity.swift in Sources */ = {isa = PBXBuildFile; fileRef = 3F50153C240C5CDF00D8DAB1 /* studentActivity.swift */; };
		3F50153F240C5D4F00D8DAB1 /* studentActivities.swift in Sources */ = {isa = PBXBuildFile; fileRef = 3F50153E240C5D4F00D8DAB1 /* studentActivities.swift */; };
		3F57D85624045C7300CB9810 /* (null) in Sources */ = {isa = PBXBuildFile; };
		3F7388E223FCDDAF005E56FA /* AppDelegate.swift in Sources */ = {isa = PBXBuildFile; fileRef = 3F7388E123FCDDAF005E56FA /* AppDelegate.swift */; };
		3F7388E423FCDDAF005E56FA /* SceneDelegate.swift in Sources */ = {isa = PBXBuildFile; fileRef = 3F7388E323FCDDAF005E56FA /* SceneDelegate.swift */; };
		3F7388E623FCDDAF005E56FA /* ViewController.swift in Sources */ = {isa = PBXBuildFile; fileRef = 3F7388E523FCDDAF005E56FA /* ViewController.swift */; };
		3F7388E923FCDDAF005E56FA /* Main.storyboard in Resources */ = {isa = PBXBuildFile; fileRef = 3F7388E723FCDDAF005E56FA /* Main.storyboard */; };
		3F7388EB23FCDDB4005E56FA /* Assets.xcassets in Resources */ = {isa = PBXBuildFile; fileRef = 3F7388EA23FCDDB4005E56FA /* Assets.xcassets */; };
		3F7388EE23FCDDB4005E56FA /* LaunchScreen.storyboard in Resources */ = {isa = PBXBuildFile; fileRef = 3F7388EC23FCDDB4005E56FA /* LaunchScreen.storyboard */; };
		3F7388F623FCDFAD005E56FA /* MapStoryboard.storyboard in Resources */ = {isa = PBXBuildFile; fileRef = 3F7388F523FCDFAD005E56FA /* MapStoryboard.storyboard */; };
		3F7388F823FCE306005E56FA /* ProfileStoryboard.storyboard in Resources */ = {isa = PBXBuildFile; fileRef = 3F7388F723FCE306005E56FA /* ProfileStoryboard.storyboard */; };
		3F7388FA23FCE319005E56FA /* ScheduleStoryboard.storyboard in Resources */ = {isa = PBXBuildFile; fileRef = 3F7388F923FCE319005E56FA /* ScheduleStoryboard.storyboard */; };
		3F7388FC23FCE328005E56FA /* AnnouncementsStoryboard.storyboard in Resources */ = {isa = PBXBuildFile; fileRef = 3F7388FB23FCE328005E56FA /* AnnouncementsStoryboard.storyboard */; };
		3F9EFC1A2409982700C2F99C /* ActivitiesStoryboard.storyboard in Resources */ = {isa = PBXBuildFile; fileRef = 3F9EFC192409982700C2F99C /* ActivitiesStoryboard.storyboard */; };
		3F9EFC1E2409A26C00C2F99C /* course.swift in Sources */ = {isa = PBXBuildFile; fileRef = 3F9EFC1D2409A26C00C2F99C /* course.swift */; };
		3F9EFC202409A2D500C2F99C /* schedule.swift in Sources */ = {isa = PBXBuildFile; fileRef = 3F9EFC1F2409A2D500C2F99C /* schedule.swift */; };
		3FDDFF02240618AF00A462F1 /* ScheduleCollectionViewCell.swift in Sources */ = {isa = PBXBuildFile; fileRef = 3FDDFF01240618AF00A462F1 /* ScheduleCollectionViewCell.swift */; };
		563C2C2924042210003A496E /* Student.swift in Sources */ = {isa = PBXBuildFile; fileRef = 563C2C2824042210003A496E /* Student.swift */; };
		563C2C2D24042328003A496E /* Faculty.swift in Sources */ = {isa = PBXBuildFile; fileRef = 563C2C2C24042328003A496E /* Faculty.swift */; };
		563C2C342407565C003A496E /* DataLayer.swift in Sources */ = {isa = PBXBuildFile; fileRef = 563C2C332407565C003A496E /* DataLayer.swift */; };
		563C2C36240756E4003A496E /* Team.swift in Sources */ = {isa = PBXBuildFile; fileRef = 563C2C35240756E4003A496E /* Team.swift */; };
		563C2C372407588A003A496E /* ProfileViewController.swift in Sources */ = {isa = PBXBuildFile; fileRef = 56621705240061640011369E /* ProfileViewController.swift */; };
		563C2C38240776FA003A496E /* (null) in Sources */ = {isa = PBXBuildFile; };
		56C610AB240CCCC6008F83F1 /* StudentTeamTableViewController.swift in Sources */ = {isa = PBXBuildFile; fileRef = 56C610AA240CCCC6008F83F1 /* StudentTeamTableViewController.swift */; };
		56C610AD240CD30C008F83F1 /* StudentTeamTableViewCell.swift in Sources */ = {isa = PBXBuildFile; fileRef = 56C610AC240CD30C008F83F1 /* StudentTeamTableViewCell.swift */; };
		56E093BB24099DDB00951300 /* Announcement.swift in Sources */ = {isa = PBXBuildFile; fileRef = 56E093BA24099DDA00951300 /* Announcement.swift */; };
		56E093BD24099E5000951300 /* Announcements.swift in Sources */ = {isa = PBXBuildFile; fileRef = 56E093BC24099E5000951300 /* Announcements.swift */; };
		6012E94724098DD30083BF97 /* CodeForOthers.swift in Sources */ = {isa = PBXBuildFile; fileRef = 6012E94624098DD30083BF97 /* CodeForOthers.swift */; };
		6012E9492409A3A10083BF97 /* SignInTimes.swift in Sources */ = {isa = PBXBuildFile; fileRef = 6012E9482409A3A10083BF97 /* SignInTimes.swift */; };
		6012E94B240D47710083BF97 /* LoginViewController.swift in Sources */ = {isa = PBXBuildFile; fileRef = 6012E94A240D47710083BF97 /* LoginViewController.swift */; };
		6012E94F240D74650083BF97 /* Students.swift in Sources */ = {isa = PBXBuildFile; fileRef = 6012E94E240D74650083BF97 /* Students.swift */; };
		60D02CA62404493C0009325D /* SettingsTableViewController.swift in Sources */ = {isa = PBXBuildFile; fileRef = 60D02CA52404493C0009325D /* SettingsTableViewController.swift */; };
		892FF11623FDA00F00354A6B /* InfoStoryboard.storyboard in Resources */ = {isa = PBXBuildFile; fileRef = 892FF11523FDA00F00354A6B /* InfoStoryboard.storyboard */; };
		892FF12323FDAA8300354A6B /* Marker.swift in Sources */ = {isa = PBXBuildFile; fileRef = 892FF12223FDAA8300354A6B /* Marker.swift */; };
		892FF12523FDAABF00354A6B /* MapViewController.swift in Sources */ = {isa = PBXBuildFile; fileRef = 892FF12423FDAABF00354A6B /* MapViewController.swift */; };
		8947677924005DC500163EA5 /* SettingsStoryboard.storyboard in Resources */ = {isa = PBXBuildFile; fileRef = 8947677824005DC500163EA5 /* SettingsStoryboard.storyboard */; };
		894C86C42404C46900A491DB /* BuildingListTableViewController.swift in Sources */ = {isa = PBXBuildFile; fileRef = 894C86C32404C46900A491DB /* BuildingListTableViewController.swift */; };
		898CF4E2240997AB00EAC534 /* DetailViewController.swift in Sources */ = {isa = PBXBuildFile; fileRef = 898CF4E1240997AB00EAC534 /* DetailViewController.swift */; };
/* End PBXBuildFile section */

/* Begin PBXFileReference section */
		13F5374924004A3D0087447C /* AnnouncementsTableViewController.swift */ = {isa = PBXFileReference; lastKnownFileType = sourcecode.swift; name = AnnouncementsTableViewController.swift; path = Project7/AnnouncementsTableViewController.swift; sourceTree = SOURCE_ROOT; };
		13F5374B24004A4F0087447C /* AnnouncementsTableViewCell.swift */ = {isa = PBXFileReference; lastKnownFileType = sourcecode.swift; name = AnnouncementsTableViewCell.swift; path = Project7/AnnouncementsTableViewCell.swift; sourceTree = SOURCE_ROOT; };
		13F537872406DAC20087447C /* SelectedAnnouncementViewController.swift */ = {isa = PBXFileReference; lastKnownFileType = sourcecode.swift; path = SelectedAnnouncementViewController.swift; sourceTree = SOURCE_ROOT; };
		1FB87E2524006C9A007BC76F /* InfoViewController.swift */ = {isa = PBXFileReference; lastKnownFileType = sourcecode.swift; name = InfoViewController.swift; path = Project7/InfoViewController.swift; sourceTree = SOURCE_ROOT; };
		3F49E09C2400605400903EC1 /* ScheduleCollectionViewController.swift */ = {isa = PBXFileReference; lastKnownFileType = sourcecode.swift; path = ScheduleCollectionViewController.swift; sourceTree = "<group>"; };
		3F501534240AF64A00D8DAB1 /* activity.swift */ = {isa = PBXFileReference; lastKnownFileType = sourcecode.swift; path = activity.swift; sourceTree = "<group>"; };
		3F501536240AF6B300D8DAB1 /* activities.swift */ = {isa = PBXFileReference; lastKnownFileType = sourcecode.swift; path = activities.swift; sourceTree = "<group>"; };
		3F501538240AF73200D8DAB1 /* ActivityTableViewController.swift */ = {isa = PBXFileReference; lastKnownFileType = sourcecode.swift; path = ActivityTableViewController.swift; sourceTree = "<group>"; };
		3F50153A240AFA6000D8DAB1 /* ActivityTableViewCell.swift */ = {isa = PBXFileReference; lastKnownFileType = sourcecode.swift; path = ActivityTableViewCell.swift; sourceTree = "<group>"; };
		3F50153C240C5CDF00D8DAB1 /* studentActivity.swift */ = {isa = PBXFileReference; lastKnownFileType = sourcecode.swift; path = studentActivity.swift; sourceTree = "<group>"; };
		3F50153E240C5D4F00D8DAB1 /* studentActivities.swift */ = {isa = PBXFileReference; lastKnownFileType = sourcecode.swift; path = studentActivities.swift; sourceTree = "<group>"; };
		3F714EE223FDA5370052B279 /* Sources.md */ = {isa = PBXFileReference; lastKnownFileType = net.daringfireball.markdown; path = Sources.md; sourceTree = "<group>"; };
		3F7388DE23FCDDAF005E56FA /* Project7.app */ = {isa = PBXFileReference; explicitFileType = wrapper.application; includeInIndex = 0; path = Project7.app; sourceTree = BUILT_PRODUCTS_DIR; };
		3F7388E123FCDDAF005E56FA /* AppDelegate.swift */ = {isa = PBXFileReference; lastKnownFileType = sourcecode.swift; path = AppDelegate.swift; sourceTree = "<group>"; };
		3F7388E323FCDDAF005E56FA /* SceneDelegate.swift */ = {isa = PBXFileReference; lastKnownFileType = sourcecode.swift; path = SceneDelegate.swift; sourceTree = "<group>"; };
		3F7388E523FCDDAF005E56FA /* ViewController.swift */ = {isa = PBXFileReference; lastKnownFileType = sourcecode.swift; path = ViewController.swift; sourceTree = "<group>"; };
		3F7388E823FCDDAF005E56FA /* Base */ = {isa = PBXFileReference; lastKnownFileType = file.storyboard; name = Base; path = Base.lproj/Main.storyboard; sourceTree = "<group>"; };
		3F7388EA23FCDDB4005E56FA /* Assets.xcassets */ = {isa = PBXFileReference; lastKnownFileType = folder.assetcatalog; path = Assets.xcassets; sourceTree = "<group>"; };
		3F7388ED23FCDDB4005E56FA /* Base */ = {isa = PBXFileReference; lastKnownFileType = file.storyboard; name = Base; path = Base.lproj/LaunchScreen.storyboard; sourceTree = "<group>"; };
		3F7388EF23FCDDB4005E56FA /* Info.plist */ = {isa = PBXFileReference; lastKnownFileType = text.plist.xml; path = Info.plist; sourceTree = "<group>"; };
		3F7388F523FCDFAD005E56FA /* MapStoryboard.storyboard */ = {isa = PBXFileReference; lastKnownFileType = file.storyboard; path = MapStoryboard.storyboard; sourceTree = "<group>"; };
		3F7388F723FCE306005E56FA /* ProfileStoryboard.storyboard */ = {isa = PBXFileReference; lastKnownFileType = file.storyboard; path = ProfileStoryboard.storyboard; sourceTree = "<group>"; };
		3F7388F923FCE319005E56FA /* ScheduleStoryboard.storyboard */ = {isa = PBXFileReference; lastKnownFileType = file.storyboard; path = ScheduleStoryboard.storyboard; sourceTree = "<group>"; };
		3F7388FB23FCE328005E56FA /* AnnouncementsStoryboard.storyboard */ = {isa = PBXFileReference; lastKnownFileType = file.storyboard; path = AnnouncementsStoryboard.storyboard; sourceTree = "<group>"; };
		3F9EFC192409982700C2F99C /* ActivitiesStoryboard.storyboard */ = {isa = PBXFileReference; lastKnownFileType = file.storyboard; path = ActivitiesStoryboard.storyboard; sourceTree = "<group>"; };
		3F9EFC1D2409A26C00C2F99C /* course.swift */ = {isa = PBXFileReference; lastKnownFileType = sourcecode.swift; path = course.swift; sourceTree = "<group>"; };
		3F9EFC1F2409A2D500C2F99C /* schedule.swift */ = {isa = PBXFileReference; lastKnownFileType = sourcecode.swift; path = schedule.swift; sourceTree = "<group>"; };
		3FDDFF01240618AF00A462F1 /* ScheduleCollectionViewCell.swift */ = {isa = PBXFileReference; lastKnownFileType = sourcecode.swift; path = ScheduleCollectionViewCell.swift; sourceTree = "<group>"; };
		563C2C2824042210003A496E /* Student.swift */ = {isa = PBXFileReference; lastKnownFileType = sourcecode.swift; path = Student.swift; sourceTree = "<group>"; };
		563C2C2C24042328003A496E /* Faculty.swift */ = {isa = PBXFileReference; lastKnownFileType = sourcecode.swift; name = Faculty.swift; path = Project7/Faculty.swift; sourceTree = SOURCE_ROOT; };
		563C2C332407565C003A496E /* DataLayer.swift */ = {isa = PBXFileReference; lastKnownFileType = sourcecode.swift; path = DataLayer.swift; sourceTree = "<group>"; };
		563C2C35240756E4003A496E /* Team.swift */ = {isa = PBXFileReference; lastKnownFileType = sourcecode.swift; name = Team.swift; path = Project7/RyanFolder/Team.swift; sourceTree = SOURCE_ROOT; };
		56621705240061640011369E /* ProfileViewController.swift */ = {isa = PBXFileReference; lastKnownFileType = sourcecode.swift; name = ProfileViewController.swift; path = Project7/RyanFolder/ProfileViewController.swift; sourceTree = SOURCE_ROOT; };
		56C610AA240CCCC6008F83F1 /* StudentTeamTableViewController.swift */ = {isa = PBXFileReference; lastKnownFileType = sourcecode.swift; path = StudentTeamTableViewController.swift; sourceTree = "<group>"; };
		56C610AC240CD30C008F83F1 /* StudentTeamTableViewCell.swift */ = {isa = PBXFileReference; lastKnownFileType = sourcecode.swift; path = StudentTeamTableViewCell.swift; sourceTree = "<group>"; };
		56E093BA24099DDA00951300 /* Announcement.swift */ = {isa = PBXFileReference; lastKnownFileType = sourcecode.swift; path = Announcement.swift; sourceTree = "<group>"; };
		56E093BC24099E5000951300 /* Announcements.swift */ = {isa = PBXFileReference; lastKnownFileType = sourcecode.swift; path = Announcements.swift; sourceTree = "<group>"; };
		6012E94624098DD30083BF97 /* CodeForOthers.swift */ = {isa = PBXFileReference; lastKnownFileType = sourcecode.swift; path = CodeForOthers.swift; sourceTree = "<group>"; };
		6012E9482409A3A10083BF97 /* SignInTimes.swift */ = {isa = PBXFileReference; lastKnownFileType = sourcecode.swift; path = SignInTimes.swift; sourceTree = "<group>"; };
		6012E94A240D47710083BF97 /* LoginViewController.swift */ = {isa = PBXFileReference; lastKnownFileType = sourcecode.swift; path = LoginViewController.swift; sourceTree = "<group>"; };
		6012E94E240D74650083BF97 /* Students.swift */ = {isa = PBXFileReference; lastKnownFileType = sourcecode.swift; path = Students.swift; sourceTree = "<group>"; };
		60D02CA52404493C0009325D /* SettingsTableViewController.swift */ = {isa = PBXFileReference; lastKnownFileType = sourcecode.swift; path = SettingsTableViewController.swift; sourceTree = "<group>"; };
		892FF11523FDA00F00354A6B /* InfoStoryboard.storyboard */ = {isa = PBXFileReference; lastKnownFileType = file.storyboard; path = InfoStoryboard.storyboard; sourceTree = "<group>"; };
		892FF12223FDAA8300354A6B /* Marker.swift */ = {isa = PBXFileReference; fileEncoding = 4; lastKnownFileType = sourcecode.swift; path = Marker.swift; sourceTree = "<group>"; };
		892FF12423FDAABF00354A6B /* MapViewController.swift */ = {isa = PBXFileReference; lastKnownFileType = sourcecode.swift; path = MapViewController.swift; sourceTree = "<group>"; };
		8947677824005DC500163EA5 /* SettingsStoryboard.storyboard */ = {isa = PBXFileReference; lastKnownFileType = file.storyboard; path = SettingsStoryboard.storyboard; sourceTree = "<group>"; };
		894C86C32404C46900A491DB /* BuildingListTableViewController.swift */ = {isa = PBXFileReference; lastKnownFileType = sourcecode.swift; path = BuildingListTableViewController.swift; sourceTree = "<group>"; };
		898CF4E1240997AB00EAC534 /* DetailViewController.swift */ = {isa = PBXFileReference; lastKnownFileType = sourcecode.swift; path = DetailViewController.swift; sourceTree = "<group>"; };
/* End PBXFileReference section */

/* Begin PBXFrameworksBuildPhase section */
		3F7388DB23FCDDAF005E56FA /* Frameworks */ = {
			isa = PBXFrameworksBuildPhase;
			buildActionMask = 2147483647;
			files = (
			);
			runOnlyForDeploymentPostprocessing = 0;
		};
/* End PBXFrameworksBuildPhase section */

/* Begin PBXGroup section */
		3F49E09E2400607200903EC1 /* EmmaFolder */ = {
			isa = PBXGroup;
			children = (
				3F49E09C2400605400903EC1 /* ScheduleCollectionViewController.swift */,
				3FDDFF01240618AF00A462F1 /* ScheduleCollectionViewCell.swift */,
				3F9EFC1D2409A26C00C2F99C /* course.swift */,
				3F9EFC1F2409A2D500C2F99C /* schedule.swift */,
				3F501538240AF73200D8DAB1 /* ActivityTableViewController.swift */,
				3F50153A240AFA6000D8DAB1 /* ActivityTableViewCell.swift */,
				3F501534240AF64A00D8DAB1 /* activity.swift */,
				3F50153C240C5CDF00D8DAB1 /* studentActivity.swift */,
				3F50153E240C5D4F00D8DAB1 /* studentActivities.swift */,
				3F501536240AF6B300D8DAB1 /* activities.swift */,
			);
			path = EmmaFolder;
			sourceTree = "<group>";
		};
		3F7388D523FCDDAF005E56FA = {
			isa = PBXGroup;
			children = (
				3F7388E023FCDDAF005E56FA /* Project7 */,
				3F7388DF23FCDDAF005E56FA /* Products */,
			);
			sourceTree = "<group>";
		};
		3F7388DF23FCDDAF005E56FA /* Products */ = {
			isa = PBXGroup;
			children = (
				3F7388DE23FCDDAF005E56FA /* Project7.app */,
			);
			name = Products;
			sourceTree = "<group>";
		};
		3F7388E023FCDDAF005E56FA /* Project7 */ = {
			isa = PBXGroup;
			children = (
				566217072400616D0011369E /* RyanFolder */,
				892FF12123FDA9F800354A6B /* SamarFolder */,
				892FF12023FDA7B100354A6B /* PatrickFolder */,
				892FF11F23FDA7AB00354A6B /* MarkFolder */,
				892FF11D23FDA78B00354A6B /* ErikFolder */,
				3F49E09E2400607200903EC1 /* EmmaFolder */,
				3F7388E123FCDDAF005E56FA /* AppDelegate.swift */,
				3F7388E323FCDDAF005E56FA /* SceneDelegate.swift */,
				3F7388E523FCDDAF005E56FA /* ViewController.swift */,
				3F9EFC192409982700C2F99C /* ActivitiesStoryboard.storyboard */,
				3F7388E723FCDDAF005E56FA /* Main.storyboard */,
				3F714EE223FDA5370052B279 /* Sources.md */,
				892FF11523FDA00F00354A6B /* InfoStoryboard.storyboard */,
				3F7388F723FCE306005E56FA /* ProfileStoryboard.storyboard */,
				8947677824005DC500163EA5 /* SettingsStoryboard.storyboard */,
				3F7388F923FCE319005E56FA /* ScheduleStoryboard.storyboard */,
				3F7388FB23FCE328005E56FA /* AnnouncementsStoryboard.storyboard */,
				3F7388F523FCDFAD005E56FA /* MapStoryboard.storyboard */,
				3F7388EA23FCDDB4005E56FA /* Assets.xcassets */,
				3F7388EC23FCDDB4005E56FA /* LaunchScreen.storyboard */,
				3F7388EF23FCDDB4005E56FA /* Info.plist */,
			);
			path = Project7;
			sourceTree = "<group>";
		};
		566217072400616D0011369E /* RyanFolder */ = {
			isa = PBXGroup;
			children = (
				56C610AA240CCCC6008F83F1 /* StudentTeamTableViewController.swift */,
				56C610AC240CD30C008F83F1 /* StudentTeamTableViewCell.swift */,
				563C2C35240756E4003A496E /* Team.swift */,
				563C2C332407565C003A496E /* DataLayer.swift */,
				56E093BA24099DDA00951300 /* Announcement.swift */,
				56E093BC24099E5000951300 /* Announcements.swift */,
				56621705240061640011369E /* ProfileViewController.swift */,
				563C2C2824042210003A496E /* Student.swift */,
				563C2C2C24042328003A496E /* Faculty.swift */,
			);
			path = RyanFolder;
			sourceTree = "<group>";
		};
		892FF11D23FDA78B00354A6B /* ErikFolder */ = {
			isa = PBXGroup;
			children = (
				13F537872406DAC20087447C /* SelectedAnnouncementViewController.swift */,
				13F5374924004A3D0087447C /* AnnouncementsTableViewController.swift */,
				13F5374B24004A4F0087447C /* AnnouncementsTableViewCell.swift */,
			);
			path = ErikFolder;
			sourceTree = "<group>";
		};
		892FF11F23FDA7AB00354A6B /* MarkFolder */ = {
			isa = PBXGroup;
			children = (
				60D02CA52404493C0009325D /* SettingsTableViewController.swift */,
				6012E9482409A3A10083BF97 /* SignInTimes.swift */,
				6012E94624098DD30083BF97 /* CodeForOthers.swift */,
				6012E94A240D47710083BF97 /* LoginViewController.swift */,
				6012E94E240D74650083BF97 /* Students.swift */,
			);
			path = MarkFolder;
			sourceTree = "<group>";
		};
		892FF12023FDA7B100354A6B /* PatrickFolder */ = {
			isa = PBXGroup;
			children = (
				1FB87E2524006C9A007BC76F /* InfoViewController.swift */,
			);
			path = PatrickFolder;
			sourceTree = "<group>";
		};
		892FF12123FDA9F800354A6B /* SamarFolder */ = {
			isa = PBXGroup;
			children = (
				898CF4E1240997AB00EAC534 /* DetailViewController.swift */,
				894C86C32404C46900A491DB /* BuildingListTableViewController.swift */,
				892FF12223FDAA8300354A6B /* Marker.swift */,
				892FF12423FDAABF00354A6B /* MapViewController.swift */,
			);
			path = SamarFolder;
			sourceTree = "<group>";
		};
/* End PBXGroup section */

/* Begin PBXNativeTarget section */
		3F7388DD23FCDDAF005E56FA /* Project7 */ = {
			isa = PBXNativeTarget;
			buildConfigurationList = 3F7388F223FCDDB4005E56FA /* Build configuration list for PBXNativeTarget "Project7" */;
			buildPhases = (
				3F7388DA23FCDDAF005E56FA /* Sources */,
				3F7388DB23FCDDAF005E56FA /* Frameworks */,
				3F7388DC23FCDDAF005E56FA /* Resources */,
			);
			buildRules = (
			);
			dependencies = (
			);
			name = Project7;
			productName = Project7;
			productReference = 3F7388DE23FCDDAF005E56FA /* Project7.app */;
			productType = "com.apple.product-type.application";
		};
/* End PBXNativeTarget section */

/* Begin PBXProject section */
		3F7388D623FCDDAF005E56FA /* Project object */ = {
			isa = PBXProject;
			attributes = {
				LastSwiftUpdateCheck = 1130;
				LastUpgradeCheck = 1130;
				ORGANIZATIONNAME = CSC509;
				TargetAttributes = {
					3F7388DD23FCDDAF005E56FA = {
						CreatedOnToolsVersion = 11.3.1;
					};
				};
			};
			buildConfigurationList = 3F7388D923FCDDAF005E56FA /* Build configuration list for PBXProject "Project7" */;
			compatibilityVersion = "Xcode 9.3";
			developmentRegion = en;
			hasScannedForEncodings = 0;
			knownRegions = (
				en,
				Base,
			);
			mainGroup = 3F7388D523FCDDAF005E56FA;
			productRefGroup = 3F7388DF23FCDDAF005E56FA /* Products */;
			projectDirPath = "";
			projectRoot = "";
			targets = (
				3F7388DD23FCDDAF005E56FA /* Project7 */,
			);
		};
/* End PBXProject section */

/* Begin PBXResourcesBuildPhase section */
		3F7388DC23FCDDAF005E56FA /* Resources */ = {
			isa = PBXResourcesBuildPhase;
			buildActionMask = 2147483647;
			files = (
				8947677924005DC500163EA5 /* SettingsStoryboard.storyboard in Resources */,
				3F7388EE23FCDDB4005E56FA /* LaunchScreen.storyboard in Resources */,
				3F9EFC1A2409982700C2F99C /* ActivitiesStoryboard.storyboard in Resources */,
				3F7388EB23FCDDB4005E56FA /* Assets.xcassets in Resources */,
				3F7388FA23FCE319005E56FA /* ScheduleStoryboard.storyboard in Resources */,
				3F7388F623FCDFAD005E56FA /* MapStoryboard.storyboard in Resources */,
				3F7388E923FCDDAF005E56FA /* Main.storyboard in Resources */,
				892FF11623FDA00F00354A6B /* InfoStoryboard.storyboard in Resources */,
				3F7388F823FCE306005E56FA /* ProfileStoryboard.storyboard in Resources */,
				3F7388FC23FCE328005E56FA /* AnnouncementsStoryboard.storyboard in Resources */,
			);
			runOnlyForDeploymentPostprocessing = 0;
		};
/* End PBXResourcesBuildPhase section */

/* Begin PBXSourcesBuildPhase section */
		3F7388DA23FCDDAF005E56FA /* Sources */ = {
			isa = PBXSourcesBuildPhase;
			buildActionMask = 2147483647;
			files = (
				6012E94B240D47710083BF97 /* LoginViewController.swift in Sources */,
				6012E94F240D74650083BF97 /* Students.swift in Sources */,
				3F9EFC1E2409A26C00C2F99C /* course.swift in Sources */,
				13F5374C24004A4F0087447C /* AnnouncementsTableViewCell.swift in Sources */,
				3F50153B240AFA6100D8DAB1 /* ActivityTableViewCell.swift in Sources */,
				56C610AB240CCCC6008F83F1 /* StudentTeamTableViewController.swift in Sources */,
				1FB87E2624006C9A007BC76F /* InfoViewController.swift in Sources */,
				3F49E09D2400605400903EC1 /* ScheduleCollectionViewController.swift in Sources */,
				56C610AD240CD30C008F83F1 /* StudentTeamTableViewCell.swift in Sources */,
				13F5374A24004A3D0087447C /* AnnouncementsTableViewController.swift in Sources */,
				3F501535240AF64A00D8DAB1 /* activity.swift in Sources */,
				3FDDFF02240618AF00A462F1 /* ScheduleCollectionViewCell.swift in Sources */,
				898CF4E2240997AB00EAC534 /* DetailViewController.swift in Sources */,
				563C2C2924042210003A496E /* Student.swift in Sources */,
				3F7388E623FCDDAF005E56FA /* ViewController.swift in Sources */,
				6012E9492409A3A10083BF97 /* SignInTimes.swift in Sources */,
				892FF12323FDAA8300354A6B /* Marker.swift in Sources */,
				563C2C38240776FA003A496E /* (null) in Sources */,
				563C2C36240756E4003A496E /* Team.swift in Sources */,
				3F50153F240C5D4F00D8DAB1 /* studentActivities.swift in Sources */,
				3F7388E223FCDDAF005E56FA /* AppDelegate.swift in Sources */,
				6012E94724098DD30083BF97 /* CodeForOthers.swift in Sources */,
				3F50153D240C5CDF00D8DAB1 /* studentActivity.swift in Sources */,
				892FF12523FDAABF00354A6B /* MapViewController.swift in Sources */,
				3F57D85624045C7300CB9810 /* (null) in Sources */,
				13F537882406DAC20087447C /* SelectedAnnouncementViewController.swift in Sources */,
				60D02CA62404493C0009325D /* SettingsTableViewController.swift in Sources */,
				894C86C42404C46900A491DB /* BuildingListTableViewController.swift in Sources */,
				3F7388E423FCDDAF005E56FA /* SceneDelegate.swift in Sources */,
				3F501539240AF73200D8DAB1 /* ActivityTableViewController.swift in Sources */,
				563C2C372407588A003A496E /* ProfileViewController.swift in Sources */,
				56E093BD24099E5000951300 /* Announcements.swift in Sources */,
				56E093BB24099DDB00951300 /* Announcement.swift in Sources */,
				3F501537240AF6B300D8DAB1 /* activities.swift in Sources */,
				563C2C342407565C003A496E /* DataLayer.swift in Sources */,
				3F9EFC202409A2D500C2F99C /* schedule.swift in Sources */,
				563C2C2D24042328003A496E /* Faculty.swift in Sources */,
			);
			runOnlyForDeploymentPostprocessing = 0;
		};
/* End PBXSourcesBuildPhase section */

/* Begin PBXVariantGroup section */
		3F7388E723FCDDAF005E56FA /* Main.storyboard */ = {
			isa = PBXVariantGroup;
			children = (
				3F7388E823FCDDAF005E56FA /* Base */,
			);
			name = Main.storyboard;
			sourceTree = "<group>";
		};
		3F7388EC23FCDDB4005E56FA /* LaunchScreen.storyboard */ = {
			isa = PBXVariantGroup;
			children = (
				3F7388ED23FCDDB4005E56FA /* Base */,
			);
			name = LaunchScreen.storyboard;
			sourceTree = "<group>";
		};
/* End PBXVariantGroup section */

/* Begin XCBuildConfiguration section */
		3F7388F023FCDDB4005E56FA /* Debug */ = {
			isa = XCBuildConfiguration;
			buildSettings = {
				ALWAYS_SEARCH_USER_PATHS = NO;
				CLANG_ANALYZER_NONNULL = YES;
				CLANG_ANALYZER_NUMBER_OBJECT_CONVERSION = YES_AGGRESSIVE;
				CLANG_CXX_LANGUAGE_STANDARD = "gnu++14";
				CLANG_CXX_LIBRARY = "libc++";
				CLANG_ENABLE_MODULES = YES;
				CLANG_ENABLE_OBJC_ARC = YES;
				CLANG_ENABLE_OBJC_WEAK = YES;
				CLANG_WARN_BLOCK_CAPTURE_AUTORELEASING = YES;
				CLANG_WARN_BOOL_CONVERSION = YES;
				CLANG_WARN_COMMA = YES;
				CLANG_WARN_CONSTANT_CONVERSION = YES;
				CLANG_WARN_DEPRECATED_OBJC_IMPLEMENTATIONS = YES;
				CLANG_WARN_DIRECT_OBJC_ISA_USAGE = YES_ERROR;
				CLANG_WARN_DOCUMENTATION_COMMENTS = YES;
				CLANG_WARN_EMPTY_BODY = YES;
				CLANG_WARN_ENUM_CONVERSION = YES;
				CLANG_WARN_INFINITE_RECURSION = YES;
				CLANG_WARN_INT_CONVERSION = YES;
				CLANG_WARN_NON_LITERAL_NULL_CONVERSION = YES;
				CLANG_WARN_OBJC_IMPLICIT_RETAIN_SELF = YES;
				CLANG_WARN_OBJC_LITERAL_CONVERSION = YES;
				CLANG_WARN_OBJC_ROOT_CLASS = YES_ERROR;
				CLANG_WARN_RANGE_LOOP_ANALYSIS = YES;
				CLANG_WARN_STRICT_PROTOTYPES = YES;
				CLANG_WARN_SUSPICIOUS_MOVE = YES;
				CLANG_WARN_UNGUARDED_AVAILABILITY = YES_AGGRESSIVE;
				CLANG_WARN_UNREACHABLE_CODE = YES;
				CLANG_WARN__DUPLICATE_METHOD_MATCH = YES;
				COPY_PHASE_STRIP = NO;
				DEBUG_INFORMATION_FORMAT = dwarf;
				ENABLE_STRICT_OBJC_MSGSEND = YES;
				ENABLE_TESTABILITY = YES;
				GCC_C_LANGUAGE_STANDARD = gnu11;
				GCC_DYNAMIC_NO_PIC = NO;
				GCC_NO_COMMON_BLOCKS = YES;
				GCC_OPTIMIZATION_LEVEL = 0;
				GCC_PREPROCESSOR_DEFINITIONS = (
					"DEBUG=1",
					"$(inherited)",
				);
				GCC_WARN_64_TO_32_BIT_CONVERSION = YES;
				GCC_WARN_ABOUT_RETURN_TYPE = YES_ERROR;
				GCC_WARN_UNDECLARED_SELECTOR = YES;
				GCC_WARN_UNINITIALIZED_AUTOS = YES_AGGRESSIVE;
				GCC_WARN_UNUSED_FUNCTION = YES;
				GCC_WARN_UNUSED_VARIABLE = YES;
				IPHONEOS_DEPLOYMENT_TARGET = 13.2;
				MTL_ENABLE_DEBUG_INFO = INCLUDE_SOURCE;
				MTL_FAST_MATH = YES;
				ONLY_ACTIVE_ARCH = YES;
				SDKROOT = iphoneos;
				SWIFT_ACTIVE_COMPILATION_CONDITIONS = DEBUG;
				SWIFT_OPTIMIZATION_LEVEL = "-Onone";
			};
			name = Debug;
		};
		3F7388F123FCDDB4005E56FA /* Release */ = {
			isa = XCBuildConfiguration;
			buildSettings = {
				ALWAYS_SEARCH_USER_PATHS = NO;
				CLANG_ANALYZER_NONNULL = YES;
				CLANG_ANALYZER_NUMBER_OBJECT_CONVERSION = YES_AGGRESSIVE;
				CLANG_CXX_LANGUAGE_STANDARD = "gnu++14";
				CLANG_CXX_LIBRARY = "libc++";
				CLANG_ENABLE_MODULES = YES;
				CLANG_ENABLE_OBJC_ARC = YES;
				CLANG_ENABLE_OBJC_WEAK = YES;
				CLANG_WARN_BLOCK_CAPTURE_AUTORELEASING = YES;
				CLANG_WARN_BOOL_CONVERSION = YES;
				CLANG_WARN_COMMA = YES;
				CLANG_WARN_CONSTANT_CONVERSION = YES;
				CLANG_WARN_DEPRECATED_OBJC_IMPLEMENTATIONS = YES;
				CLANG_WARN_DIRECT_OBJC_ISA_USAGE = YES_ERROR;
				CLANG_WARN_DOCUMENTATION_COMMENTS = YES;
				CLANG_WARN_EMPTY_BODY = YES;
				CLANG_WARN_ENUM_CONVERSION = YES;
				CLANG_WARN_INFINITE_RECURSION = YES;
				CLANG_WARN_INT_CONVERSION = YES;
				CLANG_WARN_NON_LITERAL_NULL_CONVERSION = YES;
				CLANG_WARN_OBJC_IMPLICIT_RETAIN_SELF = YES;
				CLANG_WARN_OBJC_LITERAL_CONVERSION = YES;
				CLANG_WARN_OBJC_ROOT_CLASS = YES_ERROR;
				CLANG_WARN_RANGE_LOOP_ANALYSIS = YES;
				CLANG_WARN_STRICT_PROTOTYPES = YES;
				CLANG_WARN_SUSPICIOUS_MOVE = YES;
				CLANG_WARN_UNGUARDED_AVAILABILITY = YES_AGGRESSIVE;
				CLANG_WARN_UNREACHABLE_CODE = YES;
				CLANG_WARN__DUPLICATE_METHOD_MATCH = YES;
				COPY_PHASE_STRIP = NO;
				DEBUG_INFORMATION_FORMAT = "dwarf-with-dsym";
				ENABLE_NS_ASSERTIONS = NO;
				ENABLE_STRICT_OBJC_MSGSEND = YES;
				GCC_C_LANGUAGE_STANDARD = gnu11;
				GCC_NO_COMMON_BLOCKS = YES;
				GCC_WARN_64_TO_32_BIT_CONVERSION = YES;
				GCC_WARN_ABOUT_RETURN_TYPE = YES_ERROR;
				GCC_WARN_UNDECLARED_SELECTOR = YES;
				GCC_WARN_UNINITIALIZED_AUTOS = YES_AGGRESSIVE;
				GCC_WARN_UNUSED_FUNCTION = YES;
				GCC_WARN_UNUSED_VARIABLE = YES;
				IPHONEOS_DEPLOYMENT_TARGET = 13.2;
				MTL_ENABLE_DEBUG_INFO = NO;
				MTL_FAST_MATH = YES;
				SDKROOT = iphoneos;
				SWIFT_COMPILATION_MODE = wholemodule;
				SWIFT_OPTIMIZATION_LEVEL = "-O";
				VALIDATE_PRODUCT = YES;
			};
			name = Release;
		};
		3F7388F323FCDDB4005E56FA /* Debug */ = {
			isa = XCBuildConfiguration;
			buildSettings = {
				ASSETCATALOG_COMPILER_APPICON_NAME = AppIcon;
				CODE_SIGN_STYLE = Automatic;
				INFOPLIST_FILE = Project7/Info.plist;
				LD_RUNPATH_SEARCH_PATHS = (
					"$(inherited)",
					"@executable_path/Frameworks",
				);
				PRODUCT_BUNDLE_IDENTIFIER = CSC509.Project7;
				PRODUCT_NAME = "$(TARGET_NAME)";
				SWIFT_VERSION = 5.0;
				TARGETED_DEVICE_FAMILY = "1,2";
			};
			name = Debug;
		};
		3F7388F423FCDDB4005E56FA /* Release */ = {
			isa = XCBuildConfiguration;
			buildSettings = {
				ASSETCATALOG_COMPILER_APPICON_NAME = AppIcon;
				CODE_SIGN_STYLE = Automatic;
				INFOPLIST_FILE = Project7/Info.plist;
				LD_RUNPATH_SEARCH_PATHS = (
					"$(inherited)",
					"@executable_path/Frameworks",
				);
				PRODUCT_BUNDLE_IDENTIFIER = CSC509.Project7;
				PRODUCT_NAME = "$(TARGET_NAME)";
				SWIFT_VERSION = 5.0;
				TARGETED_DEVICE_FAMILY = "1,2";
			};
			name = Release;
		};
/* End XCBuildConfiguration section */

/* Begin XCConfigurationList section */
		3F7388D923FCDDAF005E56FA /* Build configuration list for PBXProject "Project7" */ = {
			isa = XCConfigurationList;
			buildConfigurations = (
				3F7388F023FCDDB4005E56FA /* Debug */,
				3F7388F123FCDDB4005E56FA /* Release */,
			);
			defaultConfigurationIsVisible = 0;
			defaultConfigurationName = Release;
		};
		3F7388F223FCDDB4005E56FA /* Build configuration list for PBXNativeTarget "Project7" */ = {
			isa = XCConfigurationList;
			buildConfigurations = (
				3F7388F323FCDDB4005E56FA /* Debug */,
				3F7388F423FCDDB4005E56FA /* Release */,
			);
			defaultConfigurationIsVisible = 0;
			defaultConfigurationName = Release;
		};
/* End XCConfigurationList section */
	};
	rootObject = 3F7388D623FCDDAF005E56FA /* Project object */;
}
